
Microsoft Visual Studio Solution File, Format Version 12.00
# Visual Studio Version 17
VisualStudioVersion = 17.10.35027.167
MinimumVisualStudioVersion = 10.0.40219.1
Project("{9A19103F-16F7-4668-BE54-9A1E7A4F7556}") = "InMemory.Caching", "InMemory.Caching\InMemory.Caching.csproj", "{66E61D05-44D8-4299-82E8-A433188D2F49}"
EndProject
Project("{9A19103F-16F7-4668-BE54-9A1E7A4F7556}") = "Distributed.Caching", "Distributed.Caching\Distributed.Caching.csproj", "{B180D816-A4BC-43F8-9D12-B4E09F030D5D}"
EndProject
Project("{FAE04EC0-301F-11D3-BF4B-00C04F79EFBC}") = "Redis.Pub.Sub.Publisher.Example", "Redis.Pub.Sub.Example\Redis.Pub.Sub.Publisher.Example.csproj", "{1EB59019-1D93-46A4-8EE3-97A7B43994CF}"
EndProject
Project("{FAE04EC0-301F-11D3-BF4B-00C04F79EFBC}") = "Redis.Pub.Sub.Subscriber.Example", "Redis.Pub.Sub.Subscriber.Example\Redis.Pub.Sub.Subscriber.Example.csproj", "{1EEF50B0-71D7-4F0C-9CBF-80C56BA9C68B}"
EndProject
Global
	GlobalSection(SolutionConfigurationPlatforms) = preSolution
		Debug|Any CPU = Debug|Any CPU
		Release|Any CPU = Release|Any CPU
	EndGlobalSection
	GlobalSection(ProjectConfigurationPlatforms) = postSolution
		{66E61D05-44D8-4299-82E8-A433188D2F49}.Debug|Any CPU.ActiveCfg = Debug|Any CPU
		{66E61D05-44D8-4299-82E8-A433188D2F49}.Debug|Any CPU.Build.0 = Debug|Any CPU
		{66E61D05-44D8-4299-82E8-A433188D2F49}.Release|Any CPU.ActiveCfg = Release|Any CPU
		{66E61D05-44D8-4299-82E8-A433188D2F49}.Release|Any CPU.Build.0 = Release|Any CPU
		{B180D816-A4BC-43F8-9D12-B4E09F030D5D}.Debug|Any CPU.ActiveCfg = Debug|Any CPU
		{B180D816-A4BC-43F8-9D12-B4E09F030D5D}.Debug|Any CPU.Build.0 = Debug|Any CPU
		{B180D816-A4BC-43F8-9D12-B4E09F030D5D}.Release|Any CPU.ActiveCfg = Release|Any CPU
		{B180D816-A4BC-43F8-9D12-B4E09F030D5D}.Release|Any CPU.Build.0 = Release|Any CPU
		{1EB59019-1D93-46A4-8EE3-97A7B43994CF}.Debug|Any CPU.ActiveCfg = Debug|Any CPU
		{1EB59019-1D93-46A4-8EE3-97A7B43994CF}.Debug|Any CPU.Build.0 = Debug|Any CPU
		{1EB59019-1D93-46A4-8EE3-97A7B43994CF}.Release|Any CPU.ActiveCfg = Release|Any CPU
		{1EB59019-1D93-46A4-8EE3-97A7B43994CF}.Release|Any CPU.Build.0 = Release|Any CPU
		{1EEF50B0-71D7-4F0C-9CBF-80C56BA9C68B}.Debug|Any CPU.ActiveCfg = Debug|Any CPU
		{1EEF50B0-71D7-4F0C-9CBF-80C56BA9C68B}.Debug|Any CPU.Build.0 = Debug|Any CPU
		{1EEF50B0-71D7-4F0C-9CBF-80C56BA9C68B}.Release|Any CPU.ActiveCfg = Release|Any CPU
		{1EEF50B0-71D7-4F0C-9CBF-80C56BA9C68B}.Release|Any CPU.Build.0 = Release|Any CPU
	EndGlobalSection
	GlobalSection(SolutionProperties) = preSolution
		HideSolutionNode = FALSE
	EndGlobalSection
	GlobalSection(ExtensibilityGlobals) = postSolution
		SolutionGuid = {3575231E-B85D-4BDE-A079-C98013320F05}
	EndGlobalSection
EndGlobal
